
Microsoft Visual Studio Solution File, Format Version 12.00
# Visual Studio 2013
VisualStudioVersion = 12.0.31101.0
MinimumVisualStudioVersion = 10.0.40219.1
Project("{FAE04EC0-301F-11D3-BF4B-00C04F79EFBC}") = "Pipelines", "Pipelines\Pipelines.csproj", "{8961DC16-9614-4F70-9159-70EDC2A6A1A2}"
EndProject
Project("{FAE04EC0-301F-11D3-BF4B-00C04F79EFBC}") = "Pipes", "Pipes\Pipes.csproj", "{09FBA7EF-CD58-4CE0-98AA-E6C1F97EADCC}"
EndProject
Project("{FAE04EC0-301F-11D3-BF4B-00C04F79EFBC}") = "BlogPipeline", "BlogPipeline\BlogPipeline.csproj", "{3A7F265A-BE21-467C-8E9D-44FE632FDD66}"
EndProject
Global
	GlobalSection(SolutionConfigurationPlatforms) = preSolution
		Debug|Any CPU = Debug|Any CPU
		Release|Any CPU = Release|Any CPU
	EndGlobalSection
	GlobalSection(ProjectConfigurationPlatforms) = postSolution
		{8961DC16-9614-4F70-9159-70EDC2A6A1A2}.Debug|Any CPU.ActiveCfg = Debug|Any CPU
		{8961DC16-9614-4F70-9159-70EDC2A6A1A2}.Debug|Any CPU.Build.0 = Debug|Any CPU
		{8961DC16-9614-4F70-9159-70EDC2A6A1A2}.Release|Any CPU.ActiveCfg = Release|Any CPU
		{8961DC16-9614-4F70-9159-70EDC2A6A1A2}.Release|Any CPU.Build.0 = Release|Any CPU
		{09FBA7EF-CD58-4CE0-98AA-E6C1F97EADCC}.Debug|Any CPU.ActiveCfg = Debug|Any CPU
		{09FBA7EF-CD58-4CE0-98AA-E6C1F97EADCC}.Debug|Any CPU.Build.0 = Debug|Any CPU
		{09FBA7EF-CD58-4CE0-98AA-E6C1F97EADCC}.Release|Any CPU.ActiveCfg = Release|Any CPU
		{09FBA7EF-CD58-4CE0-98AA-E6C1F97EADCC}.Release|Any CPU.Build.0 = Release|Any CPU
		{3A7F265A-BE21-467C-8E9D-44FE632FDD66}.Debug|Any CPU.ActiveCfg = Debug|Any CPU
		{3A7F265A-BE21-467C-8E9D-44FE632FDD66}.Debug|Any CPU.Build.0 = Debug|Any CPU
		{3A7F265A-BE21-467C-8E9D-44FE632FDD66}.Release|Any CPU.ActiveCfg = Release|Any CPU
		{3A7F265A-BE21-467C-8E9D-44FE632FDD66}.Release|Any CPU.Build.0 = Release|Any CPU
	EndGlobalSection
	GlobalSection(SolutionProperties) = preSolution
		HideSolutionNode = FALSE
	EndGlobalSection
EndGlobal
